// !$*UTF8*$!
{
	archiveVersion = 1;
	classes = {};
	objectVersion = 56;
	objects = {
		678DF55B84282CA725C9023C = { isa = PBXFileReference; lastKnownFileType = sourcecode.swift; path = "AppModel.swift"; sourceTree = "<group>"; };
		872247D6705554E6DFD1E56D = { isa = PBXBuildFile; fileRef = 678DF55B84282CA725C9023C; };
		8B6DBB5DD6BF28E5D06201DE = { isa = PBXFileReference; lastKnownFileType = sourcecode.swift; path = "AppTestConfiguration.swift"; sourceTree = "<group>"; };
		959CFF7739E42C2DC8DB261B = { isa = PBXBuildFile; fileRef = 8B6DBB5DD6BF28E5D06201DE; };
		F1BFF28CE189433CC6AB7013 = { isa = PBXFileReference; lastKnownFileType = sourcecode.swift; path = "MiaoApp.swift"; sourceTree = "<group>"; };
		D8C8DDB2093BB2C7CA8BD368 = { isa = PBXBuildFile; fileRef = F1BFF28CE189433CC6AB7013; };
		7D0888453056FB00D92E43F7 = { isa = PBXFileReference; lastKnownFileType = sourcecode.swift; path = "RemoteView.swift"; sourceTree = "<group>"; };
		93CC58D814591892477608F1 = { isa = PBXBuildFile; fileRef = 7D0888453056FB00D92E43F7; };
		6B86466F715BA53259465B91 = { isa = PBXFileReference; lastKnownFileType = sourcecode.swift; path = "Scanner.swift"; sourceTree = "<group>"; };
		9095F35F563E11BBC81AAB2E = { isa = PBXBuildFile; fileRef = 6B86466F715BA53259465B91; };
		CA85A1FABF359B654FB33EC3 = { isa = PBXFileReference; lastKnownFileType = sourcecode.swift; path = "SpeechInput.swift"; sourceTree = "<group>"; };
		B41E876B11F5D3A419A78EAC = { isa = PBXBuildFile; fileRef = CA85A1FABF359B654FB33EC3; };
		A172CEDCAE47474B615C54D5 = { isa = PBXFileReference; explicitFileType = wrapper.application; includeInIndex = 0; path = Miao.app; sourceTree = BUILT_PRODUCTS_DIR; };
		1455444174429298B0F374B3 = { isa = PBXGroup; children = (678DF55B84282CA725C9023C, 8B6DBB5DD6BF28E5D06201DE, F1BFF28CE189433CC6AB7013, 7D0888453056FB00D92E43F7, 6B86466F715BA53259465B91, CA85A1FABF359B654FB33EC3,); path = Miao; sourceTree = "<group>"; };
		0A3E27B8CA818264D75C8D81 = { isa = PBXGroup; children = (A172CEDCAE47474B615C54D5, 93E46A602338E07A8524AEF6,); name = Products; sourceTree = "<group>"; };
		7A665CDC8B6BB82F90923CBD = { isa = PBXFileReference; lastKnownFileType = sourcecode.swift; path = PairingUITests.swift; sourceTree = "<group>"; };
		746629965A4FF5F5BB45B3B5 = { isa = PBXBuildFile; fileRef = 7A665CDC8B6BB82F90923CBD; };
		870DD5D77384367D04D4AFA4 = { isa = PBXGroup; children = (7A665CDC8B6BB82F90923CBD,); path = MiaoUITests; sourceTree = "<group>"; };
		93E46A602338E07A8524AEF6 = { isa = PBXFileReference; explicitFileType = wrapper.cfbundle; includeInIndex = 0; path = MiaoUITests.xctest; sourceTree = BUILT_PRODUCTS_DIR; };
		760DD443C1DF2461277A1FDF = { isa = PBXSourcesBuildPhase; buildActionMask = 2147483647; files = (746629965A4FF5F5BB45B3B5,); runOnlyForDeploymentPostprocessing = 0; };
		F6301EAD2AC55A883FB1AF3A = { isa = PBXContainerItemProxy; containerPortal = 244210E48437B6556980A702; proxyType = 1; remoteGlobalIDString = 34A04005BCAF206EEC990BD9; remoteInfo = Miao; };
		8DA290C1E75835394B937A40 = { isa = PBXTargetDependency; target = 34A04005BCAF206EEC990BD9; targetProxy = F6301EAD2AC55A883FB1AF3A; };
		19F479106CE8C3BA8C106518 = { isa = PBXGroup; children = (1455444174429298B0F374B3, 870DD5D77384367D04D4AFA4, 0A3E27B8CA818264D75C8D81,); sourceTree = "<group>"; };
		BC4A71180870F7945155FBB0 = { isa = XCLocalSwiftPackageReference; relativePath = MiaoCore; };
		A8792157CB4F27FB949C035F = { isa = XCSwiftPackageProductDependency; package = BC4A71180870F7945155FBB0; productName = MiaoCore; };
		6B6027BC8F0309F7F20982CA = { isa = PBXBuildFile; productRef = A8792157CB4F27FB949C035F; };
		878A52FC5FF6A57D50B7B870 = { isa = PBXSourcesBuildPhase; buildActionMask = 2147483647; files = (872247D6705554E6DFD1E56D, 959CFF7739E42C2DC8DB261B, D8C8DDB2093BB2C7CA8BD368, 93CC58D814591892477608F1, 9095F35F563E11BBC81AAB2E, B41E876B11F5D3A419A78EAC,); runOnlyForDeploymentPostprocessing = 0; };
		E2AA269EB967A8853A258BFA = { isa = PBXFrameworksBuildPhase; buildActionMask = 2147483647; files = (6B6027BC8F0309F7F20982CA,); runOnlyForDeploymentPostprocessing = 0; };
		41D311A605520FC7B8B9A980 = { isa = PBXResourcesBuildPhase; buildActionMask = 2147483647; files = (); runOnlyForDeploymentPostprocessing = 0; };
		2B23A31EEC75B029432F2445 = { isa = XCBuildConfiguration; buildSettings = { CLANG_ENABLE_MODULES = YES; IPHONEOS_DEPLOYMENT_TARGET = 17.0; SDKROOT = iphoneos; ONLY_ACTIVE_ARCH = YES; DEBUG_INFORMATION_FORMAT = dwarf; GCC_OPTIMIZATION_LEVEL = 0; SWIFT_OPTIMIZATION_LEVEL = "-Onone"; SWIFT_ACTIVE_COMPILATION_CONDITIONS = DEBUG; }; name = Debug; };
		EDDA600A3F771F810A8065C9 = { isa = XCBuildConfiguration; buildSettings = { CODE_SIGN_STYLE = Automatic; CURRENT_PROJECT_VERSION = 1; GENERATE_INFOPLIST_FILE = NO;
        INFOPLIST_FILE = Miao/Info.plist; MARKETING_VERSION = "$(MIAO_VERSION)";
        PRODUCT_BUNDLE_IDENTIFIER = dev.miao.remote; PRODUCT_NAME = Miao;
        SUPPORTED_PLATFORMS = "iphoneos iphonesimulator"; SWIFT_VERSION = 5.0;
        SWIFT_STRICT_CONCURRENCY = complete; TARGETED_DEVICE_FAMILY = "1,2";
        LD_RUNPATH_SEARCH_PATHS = "$(inherited) @executable_path/Frameworks"; }; name = Debug; };
		7C233544B17DD67C39852A5C = { isa = XCBuildConfiguration; buildSettings = { CODE_SIGN_STYLE = Automatic; GENERATE_INFOPLIST_FILE = YES; PRODUCT_BUNDLE_IDENTIFIER = dev.miao.remote.uitests; PRODUCT_NAME = MiaoUITests; SWIFT_VERSION = 5.0; TARGETED_DEVICE_FAMILY = "1,2"; TEST_TARGET_NAME = Miao; }; name = Debug; };
		07CA1E69F6068DEA30A4DA6B = { isa = XCBuildConfiguration; buildSettings = { CLANG_ENABLE_MODULES = YES; IPHONEOS_DEPLOYMENT_TARGET = 17.0; SDKROOT = iphoneos; DEBUG_INFORMATION_FORMAT = "dwarf-with-dsym"; SWIFT_OPTIMIZATION_LEVEL = "-O"; }; name = Release; };
		594BCDCC96599D88EF772A08 = { isa = XCBuildConfiguration; buildSettings = { CODE_SIGN_STYLE = Automatic; CURRENT_PROJECT_VERSION = 1; GENERATE_INFOPLIST_FILE = NO;
        INFOPLIST_FILE = Miao/Info.plist; MARKETING_VERSION = "$(MIAO_VERSION)";
        PRODUCT_BUNDLE_IDENTIFIER = dev.miao.remote; PRODUCT_NAME = Miao;
        SUPPORTED_PLATFORMS = "iphoneos iphonesimulator"; SWIFT_VERSION = 5.0;
        SWIFT_STRICT_CONCURRENCY = complete; TARGETED_DEVICE_FAMILY = "1,2";
        LD_RUNPATH_SEARCH_PATHS = "$(inherited) @executable_path/Frameworks"; }; name = Release; };
		58F1DDCC41908ACB3CE7DAD8 = { isa = XCBuildConfiguration; buildSettings = { CODE_SIGN_STYLE = Automatic; GENERATE_INFOPLIST_FILE = YES; PRODUCT_BUNDLE_IDENTIFIER = dev.miao.remote.uitests; PRODUCT_NAME = MiaoUITests; SWIFT_VERSION = 5.0; TARGETED_DEVICE_FAMILY = "1,2"; TEST_TARGET_NAME = Miao; }; name = Release; };
		B4E10CAA9C5E22150B71559C = { isa = XCConfigurationList; buildConfigurations = (2B23A31EEC75B029432F2445, 07CA1E69F6068DEA30A4DA6B,); defaultConfigurationIsVisible = 0; defaultConfigurationName = Release; };
		4A807E8A027297B0B93701FB = { isa = XCConfigurationList; buildConfigurations = (EDDA600A3F771F810A8065C9, 594BCDCC96599D88EF772A08,); defaultConfigurationIsVisible = 0; defaultConfigurationName = Release; };
		3DA41B28AE8CC11ED1C9F917 = { isa = XCConfigurationList; buildConfigurations = (7C233544B17DD67C39852A5C, 58F1DDCC41908ACB3CE7DAD8,); defaultConfigurationIsVisible = 0; defaultConfigurationName = Release; };
		34A04005BCAF206EEC990BD9 = { isa = PBXNativeTarget; buildConfigurationList = 4A807E8A027297B0B93701FB;
    buildPhases = (878A52FC5FF6A57D50B7B870, E2AA269EB967A8853A258BFA, 41D311A605520FC7B8B9A980,); buildRules = (); dependencies = ();
    name = Miao; packageProductDependencies = (A8792157CB4F27FB949C035F,); productName = Miao;
    productReference = A172CEDCAE47474B615C54D5; productType = "com.apple.product-type.application"; };
		4EA0BBFB4641B4E941FBF077 = { isa = PBXNativeTarget; buildConfigurationList = 3DA41B28AE8CC11ED1C9F917; buildPhases = (760DD443C1DF2461277A1FDF,); buildRules = (); dependencies = (8DA290C1E75835394B937A40,); name = MiaoUITests; productName = MiaoUITests; productReference = 93E46A602338E07A8524AEF6; productType = "com.apple.product-type.bundle.ui-testing"; };
		244210E48437B6556980A702 = { isa = PBXProject; attributes = { BuildIndependentTargetsInParallel = YES; LastUpgradeCheck = 1500; };
    buildConfigurationList = B4E10CAA9C5E22150B71559C; compatibilityVersion = "Xcode 14.0";
    developmentRegion = en; hasScannedForEncodings = 0; knownRegions = (en, Base, "zh-Hans");
    mainGroup = 19F479106CE8C3BA8C106518; packageReferences = (BC4A71180870F7945155FBB0,);
    productRefGroup = 0A3E27B8CA818264D75C8D81; projectDirPath = ""; projectRoot = ""; targets = (34A04005BCAF206EEC990BD9, 4EA0BBFB4641B4E941FBF077,); };
	};
	rootObject = 244210E48437B6556980A702;
}
